// !$*UTF8*$!
{
	archiveVersion = 1;
	classes = {
	};
	objectVersion = 46;
	objects = {

/* Begin PBXBuildFile section */
		2C5DF18C1E7FB04B0064CE6E /* AppDelegate.swift in Sources */ = {isa = PBXBuildFile; fileRef = 2C5DF18B1E7FB04B0064CE6E /* AppDelegate.swift */; };
		2C5DF18E1E7FB04B0064CE6E /* ViewController.swift in Sources */ = {isa = PBXBuildFile; fileRef = 2C5DF18D1E7FB04B0064CE6E /* ViewController.swift */; };
		2C5DF1911E7FB04B0064CE6E /* Main.storyboard in Resources */ = {isa = PBXBuildFile; fileRef = 2C5DF18F1E7FB04B0064CE6E /* Main.storyboard */; };
		2C5DF1931E7FB04B0064CE6E /* Assets.xcassets in Resources */ = {isa = PBXBuildFile; fileRef = 2C5DF1921E7FB04B0064CE6E /* Assets.xcassets */; };
		2C5DF1961E7FB04B0064CE6E /* LaunchScreen.storyboard in Resources */ = {isa = PBXBuildFile; fileRef = 2C5DF1941E7FB04B0064CE6E /* LaunchScreen.storyboard */; };
		2C5DF1A11E7FB04B0064CE6E /* PlusllTests.swift in Sources */ = {isa = PBXBuildFile; fileRef = 2C5DF1A01E7FB04B0064CE6E /* PlusllTests.swift */; };
		2C5DF1AC1E7FBA060064CE6E /* GradientView.swift in Sources */ = {isa = PBXBuildFile; fileRef = 2C5DF1AB1E7FBA060064CE6E /* GradientView.swift */; };
		2C6E07A11E7FDFF100E2C7BB /* RoudButton.swift in Sources */ = {isa = PBXBuildFile; fileRef = 2C6E07A01E7FDFF100E2C7BB /* RoudButton.swift */; };
		2C89C57C1ED970C300E97977 /* CoreLocation.framework in Frameworks */ = {isa = PBXBuildFile; fileRef = 2C89C57B1ED970C300E97977 /* CoreLocation.framework */; };
		2C89C57E1ED970D600E97977 /* MapKit.framework in Frameworks */ = {isa = PBXBuildFile; fileRef = 2C89C57D1ED970D600E97977 /* MapKit.framework */; };
		2C89C5821ED973EA00E97977 /* MapViewController.swift in Sources */ = {isa = PBXBuildFile; fileRef = 2C89C5811ED973EA00E97977 /* MapViewController.swift */; };
		2C89C5841ED9867500E97977 /* PinAnnotation.swift in Sources */ = {isa = PBXBuildFile; fileRef = 2C89C5831ED9867500E97977 /* PinAnnotation.swift */; };
		2C89C5861ED9C36400E97977 /* testViewController.swift in Sources */ = {isa = PBXBuildFile; fileRef = 2C89C5851ED9C36400E97977 /* testViewController.swift */; };
		2C89C58A1ED9DE0A00E97977 /* pro.plist in Resources */ = {isa = PBXBuildFile; fileRef = 2C89C5891ED9DE0A00E97977 /* pro.plist */; };
		2C89C58C1ED9E20D00E97977 /* Place.swift in Sources */ = {isa = PBXBuildFile; fileRef = 2C89C58B1ED9E20D00E97977 /* Place.swift */; };
		2C89C58E1ED9F6B000E97977 /* Map2ViewController.swift in Sources */ = {isa = PBXBuildFile; fileRef = 2C89C58D1ED9F6B000E97977 /* Map2ViewController.swift */; };
/* End PBXBuildFile section */

/* Begin PBXContainerItemProxy section */
		2C5DF19D1E7FB04B0064CE6E /* PBXContainerItemProxy */ = {
			isa = PBXContainerItemProxy;
			containerPortal = 2C5DF1801E7FB04A0064CE6E /* Project object */;
			proxyType = 1;
			remoteGlobalIDString = 2C5DF1871E7FB04B0064CE6E;
			remoteInfo = Plusll;
		};
/* End PBXContainerItemProxy section */

/* Begin PBXFileReference section */
		2C5DF1881E7FB04B0064CE6E /* Plusll.app */ = {isa = PBXFileReference; explicitFileType = wrapper.application; includeInIndex = 0; path = Plusll.app; sourceTree = BUILT_PRODUCTS_DIR; };
		2C5DF18B1E7FB04B0064CE6E /* AppDelegate.swift */ = {isa = PBXFileReference; lastKnownFileType = sourcecode.swift; path = AppDelegate.swift; sourceTree = "<group>"; };
		2C5DF18D1E7FB04B0064CE6E /* ViewController.swift */ = {isa = PBXFileReference; lastKnownFileType = sourcecode.swift; path = ViewController.swift; sourceTree = "<group>"; };
		2C5DF1901E7FB04B0064CE6E /* Base */ = {isa = PBXFileReference; lastKnownFileType = file.storyboard; name = Base; path = Base.lproj/Main.storyboard; sourceTree = "<group>"; };
		2C5DF1921E7FB04B0064CE6E /* Assets.xcassets */ = {isa = PBXFileReference; lastKnownFileType = folder.assetcatalog; path = Assets.xcassets; sourceTree = "<group>"; };
		2C5DF1951E7FB04B0064CE6E /* Base */ = {isa = PBXFileReference; lastKnownFileType = file.storyboard; name = Base; path = Base.lproj/LaunchScreen.storyboard; sourceTree = "<group>"; };
		2C5DF1971E7FB04B0064CE6E /* Info.plist */ = {isa = PBXFileReference; lastKnownFileType = text.plist.xml; path = Info.plist; sourceTree = "<group>"; };
		2C5DF19C1E7FB04B0064CE6E /* PlusllTests.xctest */ = {isa = PBXFileReference; explicitFileType = wrapper.cfbundle; includeInIndex = 0; path = PlusllTests.xctest; sourceTree = BUILT_PRODUCTS_DIR; };
		2C5DF1A01E7FB04B0064CE6E /* PlusllTests.swift */ = {isa = PBXFileReference; lastKnownFileType = sourcecode.swift; path = PlusllTests.swift; sourceTree = "<group>"; };
		2C5DF1A21E7FB04B0064CE6E /* Info.plist */ = {isa = PBXFileReference; lastKnownFileType = text.plist.xml; path = Info.plist; sourceTree = "<group>"; };
		2C5DF1AB1E7FBA060064CE6E /* GradientView.swift */ = {isa = PBXFileReference; fileEncoding = 4; lastKnownFileType = sourcecode.swift; path = GradientView.swift; sourceTree = "<group>"; };
		2C6E07A01E7FDFF100E2C7BB /* RoudButton.swift */ = {isa = PBXFileReference; fileEncoding = 4; lastKnownFileType = sourcecode.swift; path = RoudButton.swift; sourceTree = "<group>"; };
		2C89C57B1ED970C300E97977 /* CoreLocation.framework */ = {isa = PBXFileReference; lastKnownFileType = wrapper.framework; name = CoreLocation.framework; path = System/Library/Frameworks/CoreLocation.framework; sourceTree = SDKROOT; };
		2C89C57D1ED970D600E97977 /* MapKit.framework */ = {isa = PBXFileReference; lastKnownFileType = wrapper.framework; name = MapKit.framework; path = System/Library/Frameworks/MapKit.framework; sourceTree = SDKROOT; };
		2C89C5811ED973EA00E97977 /* MapViewController.swift */ = {isa = PBXFileReference; fileEncoding = 4; lastKnownFileType = sourcecode.swift; path = MapViewController.swift; sourceTree = "<group>"; };
		2C89C5831ED9867500E97977 /* PinAnnotation.swift */ = {isa = PBXFileReference; fileEncoding = 4; lastKnownFileType = sourcecode.swift; path = PinAnnotation.swift; sourceTree = "<group>"; };
		2C89C5851ED9C36400E97977 /* testViewController.swift */ = {isa = PBXFileReference; fileEncoding = 4; lastKnownFileType = sourcecode.swift; path = testViewController.swift; sourceTree = "<group>"; };
		2C89C5891ED9DE0A00E97977 /* pro.plist */ = {isa = PBXFileReference; fileEncoding = 4; lastKnownFileType = text.plist.xml; path = pro.plist; sourceTree = "<group>"; };
		2C89C58B1ED9E20D00E97977 /* Place.swift */ = {isa = PBXFileReference; fileEncoding = 4; lastKnownFileType = sourcecode.swift; path = Place.swift; sourceTree = "<group>"; };
		2C89C58D1ED9F6B000E97977 /* Map2ViewController.swift */ = {isa = PBXFileReference; fileEncoding = 4; lastKnownFileType = sourcecode.swift; path = Map2ViewController.swift; sourceTree = "<group>"; };
/* End PBXFileReference section */

/* Begin PBXFrameworksBuildPhase section */
		2C5DF1851E7FB04B0064CE6E /* Frameworks */ = {
			isa = PBXFrameworksBuildPhase;
			buildActionMask = 2147483647;
			files = (
				2C89C57E1ED970D600E97977 /* MapKit.framework in Frameworks */,
				2C89C57C1ED970C300E97977 /* CoreLocation.framework in Frameworks */,
			);
			runOnlyForDeploymentPostprocessing = 0;
		};
		2C5DF1991E7FB04B0064CE6E /* Frameworks */ = {
			isa = PBXFrameworksBuildPhase;
			buildActionMask = 2147483647;
			files = (
			);
			runOnlyForDeploymentPostprocessing = 0;
		};
/* End PBXFrameworksBuildPhase section */

/* Begin PBXGroup section */
		2C5DF17F1E7FB04A0064CE6E = {
			isa = PBXGroup;
			children = (
				2C5DF18A1E7FB04B0064CE6E /* Plusll */,
				2C5DF19F1E7FB04B0064CE6E /* PlusllTests */,
				2C5DF1891E7FB04B0064CE6E /* Products */,
				2C89C57A1ED970C300E97977 /* Frameworks */,
			);
			sourceTree = "<group>";
		};
		2C5DF1891E7FB04B0064CE6E /* Products */ = {
			isa = PBXGroup;
			children = (
				2C5DF1881E7FB04B0064CE6E /* Plusll.app */,
				2C5DF19C1E7FB04B0064CE6E /* PlusllTests.xctest */,
			);
			name = Products;
			sourceTree = "<group>";
		};
		2C5DF18A1E7FB04B0064CE6E /* Plusll */ = {
			isa = PBXGroup;
			children = (
				2C5DF18B1E7FB04B0064CE6E /* AppDelegate.swift */,
				2C5DF18D1E7FB04B0064CE6E /* ViewController.swift */,
				2C5DF1AB1E7FBA060064CE6E /* GradientView.swift */,
				2C5DF18F1E7FB04B0064CE6E /* Main.storyboard */,
				2C6E07A01E7FDFF100E2C7BB /* RoudButton.swift */,
				2C5DF1921E7FB04B0064CE6E /* Assets.xcassets */,
				2C5DF1941E7FB04B0064CE6E /* LaunchScreen.storyboard */,
				2C5DF1971E7FB04B0064CE6E /* Info.plist */,
				2C89C5811ED973EA00E97977 /* MapViewController.swift */,
				2C89C5831ED9867500E97977 /* PinAnnotation.swift */,
				2C89C5851ED9C36400E97977 /* testViewController.swift */,
				2C89C5891ED9DE0A00E97977 /* pro.plist */,
				2C89C58B1ED9E20D00E97977 /* Place.swift */,
				2C89C58D1ED9F6B000E97977 /* Map2ViewController.swift */,
			);
			path = Plusll;
			sourceTree = "<group>";
		};
		2C5DF19F1E7FB04B0064CE6E /* PlusllTests */ = {
			isa = PBXGroup;
			children = (
				2C5DF1A01E7FB04B0064CE6E /* PlusllTests.swift */,
				2C5DF1A21E7FB04B0064CE6E /* Info.plist */,
			);
			path = PlusllTests;
			sourceTree = "<group>";
		};
		2C89C57A1ED970C300E97977 /* Frameworks */ = {
			isa = PBXGroup;
			children = (
				2C89C57D1ED970D600E97977 /* MapKit.framework */,
				2C89C57B1ED970C300E97977 /* CoreLocation.framework */,
			);
			name = Frameworks;
			sourceTree = "<group>";
		};
/* End PBXGroup section */

/* Begin PBXNativeTarget section */
		2C5DF1871E7FB04B0064CE6E /* Plusll */ = {
			isa = PBXNativeTarget;
			buildConfigurationList = 2C5DF1A51E7FB04B0064CE6E /* Build configuration list for PBXNativeTarget "Plusll" */;
			buildPhases = (
				2C5DF1841E7FB04B0064CE6E /* Sources */,
				2C5DF1851E7FB04B0064CE6E /* Frameworks */,
				2C5DF1861E7FB04B0064CE6E /* Resources */,
			);
			buildRules = (
			);
			dependencies = (
			);
			name = Plusll;
			productName = Plusll;
			productReference = 2C5DF1881E7FB04B0064CE6E /* Plusll.app */;
			productType = "com.apple.product-type.application";
		};
		2C5DF19B1E7FB04B0064CE6E /* PlusllTests */ = {
			isa = PBXNativeTarget;
			buildConfigurationList = 2C5DF1A81E7FB04B0064CE6E /* Build configuration list for PBXNativeTarget "PlusllTests" */;
			buildPhases = (
				2C5DF1981E7FB04B0064CE6E /* Sources */,
				2C5DF1991E7FB04B0064CE6E /* Frameworks */,
				2C5DF19A1E7FB04B0064CE6E /* Resources */,
			);
			buildRules = (
			);
			dependencies = (
				2C5DF19E1E7FB04B0064CE6E /* PBXTargetDependency */,
			);
			name = PlusllTests;
			productName = PlusllTests;
			productReference = 2C5DF19C1E7FB04B0064CE6E /* PlusllTests.xctest */;
			productType = "com.apple.product-type.bundle.unit-test";
		};
/* End PBXNativeTarget section */

/* Begin PBXProject section */
		2C5DF1801E7FB04A0064CE6E /* Project object */ = {
			isa = PBXProject;
			attributes = {
				LastSwiftUpdateCheck = 0820;
				LastUpgradeCheck = 0820;
				ORGANIZATIONNAME = Plusll;
				TargetAttributes = {
					2C5DF1871E7FB04B0064CE6E = {
						CreatedOnToolsVersion = 8.2.1;
						ProvisioningStyle = Automatic;
					};
					2C5DF19B1E7FB04B0064CE6E = {
						CreatedOnToolsVersion = 8.2.1;
						ProvisioningStyle = Automatic;
						TestTargetID = 2C5DF1871E7FB04B0064CE6E;
					};
				};
			};
			buildConfigurationList = 2C5DF1831E7FB04A0064CE6E /* Build configuration list for PBXProject "Plusll" */;
			compatibilityVersion = "Xcode 3.2";
			developmentRegion = English;
			hasScannedForEncodings = 0;
			knownRegions = (
				en,
				Base,
			);
			mainGroup = 2C5DF17F1E7FB04A0064CE6E;
			productRefGroup = 2C5DF1891E7FB04B0064CE6E /* Products */;
			projectDirPath = "";
			projectRoot = "";
			targets = (
				2C5DF1871E7FB04B0064CE6E /* Plusll */,
				2C5DF19B1E7FB04B0064CE6E /* PlusllTests */,
			);
		};
/* End PBXProject section */

/* Begin PBXResourcesBuildPhase section */
		2C5DF1861E7FB04B0064CE6E /* Resources */ = {
			isa = PBXResourcesBuildPhase;
			buildActionMask = 2147483647;
			files = (
				2C5DF1961E7FB04B0064CE6E /* LaunchScreen.storyboard in Resources */,
				2C5DF1931E7FB04B0064CE6E /* Assets.xcassets in Resources */,
				2C89C58A1ED9DE0A00E97977 /* pro.plist in Resources */,
				2C5DF1911E7FB04B0064CE6E /* Main.storyboard in Resources */,
			);
			runOnlyForDeploymentPostprocessing = 0;
		};
		2C5DF19A1E7FB04B0064CE6E /* Resources */ = {
			isa = PBXResourcesBuildPhase;
			buildActionMask = 2147483647;
			files = (
			);
			runOnlyForDeploymentPostprocessing = 0;
		};
/* End PBXResourcesBuildPhase section */

/* Begin PBXSourcesBuildPhase section */
		2C5DF1841E7FB04B0064CE6E /* Sources */ = {
			isa = PBXSourcesBuildPhase;
			buildActionMask = 2147483647;
			files = (
				2C89C5821ED973EA00E97977 /* MapViewController.swift in Sources */,
				2C5DF18E1E7FB04B0064CE6E /* ViewController.swift in Sources */,
				2C89C5861ED9C36400E97977 /* testViewController.swift in Sources */,
				2C89C58E1ED9F6B000E97977 /* Map2ViewController.swift in Sources */,
				2C89C58C1ED9E20D00E97977 /* Place.swift in Sources */,
				2C6E07A11E7FDFF100E2C7BB /* RoudButton.swift in Sources */,
				2C5DF18C1E7FB04B0064CE6E /* AppDelegate.swift in Sources */,
				2C89C5841ED9867500E97977 /* PinAnnotation.swift in Sources */,
				2C5DF1AC1E7FBA060064CE6E /* GradientView.swift in Sources */,
			);
			runOnlyForDeploymentPostprocessing = 0;
		};
		2C5DF1981E7FB04B0064CE6E /* Sources */ = {
			isa = PBXSourcesBuildPhase;
			buildActionMask = 2147483647;
			files = (
				2C5DF1A11E7FB04B0064CE6E /* PlusllTests.swift in Sources */,
			);
			runOnlyForDeploymentPostprocessing = 0;
		};
/* End PBXSourcesBuildPhase section */

/* Begin PBXTargetDependency section */
		2C5DF19E1E7FB04B0064CE6E /* PBXTargetDependency */ = {
			isa = PBXTargetDependency;
			target = 2C5DF1871E7FB04B0064CE6E /* Plusll */;
			targetProxy = 2C5DF19D1E7FB04B0064CE6E /* PBXContainerItemProxy */;
		};
/* End PBXTargetDependency section */

/* Begin PBXVariantGroup section */
		2C5DF18F1E7FB04B0064CE6E /* Main.storyboard */ = {
			isa = PBXVariantGroup;
			children = (
				2C5DF1901E7FB04B0064CE6E /* Base */,
			);
			name = Main.storyboard;
			sourceTree = "<group>";
		};
		2C5DF1941E7FB04B0064CE6E /* LaunchScreen.storyboard */ = {
			isa = PBXVariantGroup;
			children = (
				2C5DF1951E7FB04B0064CE6E /* Base */,
			);
			name = LaunchScreen.storyboard;
			sourceTree = "<group>";
		};
/* End PBXVariantGroup section */

/* Begin XCBuildConfiguration section */
		2C5DF1A31E7FB04B0064CE6E /* Debug */ = {
			isa = XCBuildConfiguration;
			buildSettings = {
				ALWAYS_SEARCH_USER_PATHS = NO;
				CLANG_ANALYZER_NONNULL = YES;
				CLANG_CXX_LANGUAGE_STANDARD = "gnu++0x";
				CLANG_CXX_LIBRARY = "libc++";
				CLANG_ENABLE_MODULES = YES;
				CLANG_ENABLE_OBJC_ARC = YES;
				CLANG_WARN_BOOL_CONVERSION = YES;
				CLANG_WARN_CONSTANT_CONVERSION = YES;
				CLANG_WARN_DIRECT_OBJC_ISA_USAGE = YES_ERROR;
				CLANG_WARN_DOCUMENTATION_COMMENTS = YES;
				CLANG_WARN_EMPTY_BODY = YES;
				CLANG_WARN_ENUM_CONVERSION = YES;
				CLANG_WARN_INFINITE_RECURSION = YES;
				CLANG_WARN_INT_CONVERSION = YES;
				CLANG_WARN_OBJC_ROOT_CLASS = YES_ERROR;
				CLANG_WARN_SUSPICIOUS_MOVE = YES;
				CLANG_WARN_UNREACHABLE_CODE = YES;
				CLANG_WARN__DUPLICATE_METHOD_MATCH = YES;
				"CODE_SIGN_IDENTITY[sdk=iphoneos*]" = "iPhone Developer";
				COPY_PHASE_STRIP = NO;
				DEBUG_INFORMATION_FORMAT = dwarf;
				ENABLE_STRICT_OBJC_MSGSEND = YES;
				ENABLE_TESTABILITY = YES;
				GCC_C_LANGUAGE_STANDARD = gnu99;
				GCC_DYNAMIC_NO_PIC = NO;
				GCC_NO_COMMON_BLOCKS = YES;
				GCC_OPTIMIZATION_LEVEL = 0;
				GCC_PREPROCESSOR_DEFINITIONS = (
					"DEBUG=1",
					"$(inherited)",
				);
				GCC_WARN_64_TO_32_BIT_CONVERSION = YES;
				GCC_WARN_ABOUT_RETURN_TYPE = YES_ERROR;
				GCC_WARN_UNDECLARED_SELECTOR = YES;
				GCC_WARN_UNINITIALIZED_AUTOS = YES_AGGRESSIVE;
				GCC_WARN_UNUSED_FUNCTION = YES;
				GCC_WARN_UNUSED_VARIABLE = YES;
				IPHONEOS_DEPLOYMENT_TARGET = 10.2;
				MTL_ENABLE_DEBUG_INFO = YES;
				ONLY_ACTIVE_ARCH = YES;
				SDKROOT = iphoneos;
				SWIFT_ACTIVE_COMPILATION_CONDITIONS = DEBUG;
				SWIFT_OPTIMIZATION_LEVEL = "-Onone";
				TARGETED_DEVICE_FAMILY = "1,2";
			};
			name = Debug;
		};
		2C5DF1A41E7FB04B0064CE6E /* Release */ = {
			isa = XCBuildConfiguration;
			buildSettings = {
				ALWAYS_SEARCH_USER_PATHS = NO;
				CLANG_ANALYZER_NONNULL = YES;
				CLANG_CXX_LANGUAGE_STANDARD = "gnu++0x";
				CLANG_CXX_LIBRARY = "libc++";
				CLANG_ENABLE_MODULES = YES;
				CLANG_ENABLE_OBJC_ARC = YES;
				CLANG_WARN_BOOL_CONVERSION = YES;
				CLANG_WARN_CONSTANT_CONVERSION = YES;
				CLANG_WARN_DIRECT_OBJC_ISA_USAGE = YES_ERROR;
				CLANG_WARN_DOCUMENTATION_COMMENTS = YES;
				CLANG_WARN_EMPTY_BODY = YES;
				CLANG_WARN_ENUM_CONVERSION = YES;
				CLANG_WARN_INFINITE_RECURSION = YES;
				CLANG_WARN_INT_CONVERSION = YES;
				CLANG_WARN_OBJC_ROOT_CLASS = YES_ERROR;
				CLANG_WARN_SUSPICIOUS_MOVE = YES;
				CLANG_WARN_UNREACHABLE_CODE = YES;
				CLANG_WARN__DUPLICATE_METHOD_MATCH = YES;
				"CODE_SIGN_IDENTITY[sdk=iphoneos*]" = "iPhone Developer";
				COPY_PHASE_STRIP = NO;
				DEBUG_INFORMATION_FORMAT = "dwarf-with-dsym";
				ENABLE_NS_ASSERTIONS = NO;
				ENABLE_STRICT_OBJC_MSGSEND = YES;
				GCC_C_LANGUAGE_STANDARD = gnu99;
				GCC_NO_COMMON_BLOCKS = YES;
				GCC_WARN_64_TO_32_BIT_CONVERSION = YES;
				GCC_WARN_ABOUT_RETURN_TYPE = YES_ERROR;
				GCC_WARN_UNDECLARED_SELECTOR = YES;
				GCC_WARN_UNINITIALIZED_AUTOS = YES_AGGRESSIVE;
				GCC_WARN_UNUSED_FUNCTION = YES;
				GCC_WARN_UNUSED_VARIABLE = YES;
				IPHONEOS_DEPLOYMENT_TARGET = 10.2;
				MTL_ENABLE_DEBUG_INFO = NO;
				SDKROOT = iphoneos;
				SWIFT_OPTIMIZATION_LEVEL = "-Owholemodule";
				TARGETED_DEVICE_FAMILY = "1,2";
				VALIDATE_PRODUCT = YES;
			};
			name = Release;
		};
		2C5DF1A61E7FB04B0064CE6E /* Debug */ = {
			isa = XCBuildConfiguration;
			buildSettings = {
				ASSETCATALOG_COMPILER_APPICON_NAME = AppIcon;
				INFOPLIST_FILE = Plusll/Info.plist;
				LD_RUNPATH_SEARCH_PATHS = "$(inherited) @executable_path/Frameworks";
				PRODUCT_BUNDLE_IDENTIFIER = plusll.rice.Plusll;
				PRODUCT_NAME = "$(TARGET_NAME)";
				SWIFT_VERSION = 3.0;
			};
			name = Debug;
		};
		2C5DF1A71E7FB04B0064CE6E /* Release */ = {
			isa = XCBuildConfiguration;
			buildSettings = {
				ASSETCATALOG_COMPILER_APPICON_NAME = AppIcon;
				INFOPLIST_FILE = Plusll/Info.plist;
				LD_RUNPATH_SEARCH_PATHS = "$(inherited) @executable_path/Frameworks";
				PRODUCT_BUNDLE_IDENTIFIER = plusll.rice.Plusll;
				PRODUCT_NAME = "$(TARGET_NAME)";
				SWIFT_VERSION = 3.0;
			};
			name = Release;
		};
		2C5DF1A91E7FB04B0064CE6E /* Debug */ = {
			isa = XCBuildConfiguration;
			buildSettings = {
				ALWAYS_EMBED_SWIFT_STANDARD_LIBRARIES = YES;
				BUNDLE_LOADER = "$(TEST_HOST)";
				INFOPLIST_FILE = PlusllTests/Info.plist;
				LD_RUNPATH_SEARCH_PATHS = "$(inherited) @executable_path/Frameworks @loader_path/Frameworks";
				PRODUCT_BUNDLE_IDENTIFIER = plusll.rice.PlusllTests;
				PRODUCT_NAME = "$(TARGET_NAME)";
				SWIFT_VERSION = 3.0;
				TEST_HOST = "$(BUILT_PRODUCTS_DIR)/Plusll.app/Plusll";
			};
			name = Debug;
		};
		2C5DF1AA1E7FB04B0064CE6E /* Release */ = {
			isa = XCBuildConfiguration;
			buildSettings = {
				ALWAYS_EMBED_SWIFT_STANDARD_LIBRARIES = YES;
				BUNDLE_LOADER = "$(TEST_HOST)";
				INFOPLIST_FILE = PlusllTests/Info.plist;
				LD_RUNPATH_SEARCH_PATHS = "$(inherited) @executable_path/Frameworks @loader_path/Frameworks";
				PRODUCT_BUNDLE_IDENTIFIER = plusll.rice.PlusllTests;
				PRODUCT_NAME = "$(TARGET_NAME)";
				SWIFT_VERSION = 3.0;
				TEST_HOST = "$(BUILT_PRODUCTS_DIR)/Plusll.app/Plusll";
			};
			name = Release;
		};
/* End XCBuildConfiguration section */

/* Begin XCConfigurationList section */
		2C5DF1831E7FB04A0064CE6E /* Build configuration list for PBXProject "Plusll" */ = {
			isa = XCConfigurationList;
			buildConfigurations = (
				2C5DF1A31E7FB04B0064CE6E /* Debug */,
				2C5DF1A41E7FB04B0064CE6E /* Release */,
			);
			defaultConfigurationIsVisible = 0;
			defaultConfigurationName = Release;
		};
		2C5DF1A51E7FB04B0064CE6E /* Build configuration list for PBXNativeTarget "Plusll" */ = {
			isa = XCConfigurationList;
			buildConfigurations = (
				2C5DF1A61E7FB04B0064CE6E /* Debug */,
				2C5DF1A71E7FB04B0064CE6E /* Release */,
			);
			defaultConfigurationIsVisible = 0;
			defaultConfigurationName = Release;
		};
		2C5DF1A81E7FB04B0064CE6E /* Build configuration list for PBXNativeTarget "PlusllTests" */ = {
			isa = XCConfigurationList;
			buildConfigurations = (
				2C5DF1A91E7FB04B0064CE6E /* Debug */,
				2C5DF1AA1E7FB04B0064CE6E /* Release */,
			);
			defaultConfigurationIsVisible = 0;
			defaultConfigurationName = Release;
		};
/* End XCConfigurationList section */
	};
	rootObject = 2C5DF1801E7FB04A0064CE6E /* Project object */;
}
